// !$*UTF8*$!
{
	archiveVersion = 1;
	classes = {
	};
	objectVersion = 56;
	objects = {

/* Begin PBXBuildFile section */
		711BA1E729C530CF007F33AA /* ChessApp.swift in Sources */ = {isa = PBXBuildFile; fileRef = 711BA1E629C530CF007F33AA /* ChessApp.swift */; };
		711BA1E929C530CF007F33AA /* ContentView.swift in Sources */ = {isa = PBXBuildFile; fileRef = 711BA1E829C530CF007F33AA /* ContentView.swift */; };
		711BA1EB29C530D0007F33AA /* Assets.xcassets in Resources */ = {isa = PBXBuildFile; fileRef = 711BA1EA29C530D0007F33AA /* Assets.xcassets */; };
		711BA1EE29C530D0007F33AA /* Preview Assets.xcassets in Resources */ = {isa = PBXBuildFile; fileRef = 711BA1ED29C530D0007F33AA /* Preview Assets.xcassets */; };
		711BA1F829C530D0007F33AA /* ChessTests.swift in Sources */ = {isa = PBXBuildFile; fileRef = 711BA1F729C530D0007F33AA /* ChessTests.swift */; };
		711BA20229C530D0007F33AA /* ChessUITests.swift in Sources */ = {isa = PBXBuildFile; fileRef = 711BA20129C530D0007F33AA /* ChessUITests.swift */; };
		711BA20429C530D0007F33AA /* ChessUITestsLaunchTests.swift in Sources */ = {isa = PBXBuildFile; fileRef = 711BA20329C530D0007F33AA /* ChessUITestsLaunchTests.swift */; };
/* End PBXBuildFile section */

/* Begin PBXContainerItemProxy section */
		711BA1F429C530D0007F33AA /* PBXContainerItemProxy */ = {
			isa = PBXContainerItemProxy;
			containerPortal = 711BA1DB29C530CF007F33AA /* Project object */;
			proxyType = 1;
			remoteGlobalIDString = 711BA1E229C530CF007F33AA;
			remoteInfo = Chess;
		};
		711BA1FE29C530D0007F33AA /* PBXContainerItemProxy */ = {
			isa = PBXContainerItemProxy;
			containerPortal = 711BA1DB29C530CF007F33AA /* Project object */;
			proxyType = 1;
			remoteGlobalIDString = 711BA1E229C530CF007F33AA;
			remoteInfo = Chess;
		};
/* End PBXContainerItemProxy section */

/* Begin PBXFileReference section */
		711BA1E329C530CF007F33AA /* Chess.app */ = {isa = PBXFileReference; explicitFileType = wrapper.application; includeInIndex = 0; path = Chess.app; sourceTree = BUILT_PRODUCTS_DIR; };
		711BA1E629C530CF007F33AA /* ChessApp.swift */ = {isa = PBXFileReference; lastKnownFileType = sourcecode.swift; path = ChessApp.swift; sourceTree = "<group>"; };
		711BA1E829C530CF007F33AA /* ContentView.swift */ = {isa = PBXFileReference; lastKnownFileType = sourcecode.swift; path = ContentView.swift; sourceTree = "<group>"; };
		711BA1EA29C530D0007F33AA /* Assets.xcassets */ = {isa = PBXFileReference; lastKnownFileType = folder.assetcatalog; path = Assets.xcassets; sourceTree = "<group>"; };
		711BA1ED29C530D0007F33AA /* Preview Assets.xcassets */ = {isa = PBXFileReference; lastKnownFileType = folder.assetcatalog; path = "Preview Assets.xcassets"; sourceTree = "<group>"; };
		711BA1F329C530D0007F33AA /* ChessTests.xctest */ = {isa = PBXFileReference; explicitFileType = wrapper.cfbundle; includeInIndex = 0; path = ChessTests.xctest; sourceTree = BUILT_PRODUCTS_DIR; };
		711BA1F729C530D0007F33AA /* ChessTests.swift */ = {isa = PBXFileReference; lastKnownFileType = sourcecode.swift; path = ChessTests.swift; sourceTree = "<group>"; };
		711BA1FD29C530D0007F33AA /* ChessUITests.xctest */ = {isa = PBXFileReference; explicitFileType = wrapper.cfbundle; includeInIndex = 0; path = ChessUITests.xctest; sourceTree = BUILT_PRODUCTS_DIR; };
		711BA20129C530D0007F33AA /* ChessUITests.swift */ = {isa = PBXFileReference; lastKnownFileType = sourcecode.swift; path = ChessUITests.swift; sourceTree = "<group>"; };
		711BA20329C530D0007F33AA /* ChessUITestsLaunchTests.swift */ = {isa = PBXFileReference; lastKnownFileType = sourcecode.swift; path = ChessUITestsLaunchTests.swift; sourceTree = "<group>"; };
/* End PBXFileReference section */

/* Begin PBXFrameworksBuildPhase section */
		711BA1E029C530CF007F33AA /* Frameworks */ = {
			isa = PBXFrameworksBuildPhase;
			buildActionMask = 2147483647;
			files = (
			);
			runOnlyForDeploymentPostprocessing = 0;
		};
		711BA1F029C530D0007F33AA /* Frameworks */ = {
			isa = PBXFrameworksBuildPhase;
			buildActionMask = 2147483647;
			files = (
			);
			runOnlyForDeploymentPostprocessing = 0;
		};
		711BA1FA29C530D0007F33AA /* Frameworks */ = {
			isa = PBXFrameworksBuildPhase;
			buildActionMask = 2147483647;
			files = (
			);
			runOnlyForDeploymentPostprocessing = 0;
		};
/* End PBXFrameworksBuildPhase section */

/* Begin PBXGroup section */
		711BA1DA29C530CF007F33AA = {
			isa = PBXGroup;
			children = (
				711BA1E529C530CF007F33AA /* Chess */,
				711BA1F629C530D0007F33AA /* ChessTests */,
				711BA20029C530D0007F33AA /* ChessUITests */,
				711BA1E429C530CF007F33AA /* Products */,
			);
			sourceTree = "<group>";
		};
		711BA1E429C530CF007F33AA /* Products */ = {
			isa = PBXGroup;
			children = (
				711BA1E329C530CF007F33AA /* Chess.app */,
				711BA1F329C530D0007F33AA /* ChessTests.xctest */,
				711BA1FD29C530D0007F33AA /* ChessUITests.xctest */,
			);
			name = Products;
			sourceTree = "<group>";
		};
		711BA1E529C530CF007F33AA /* Chess */ = {
			isa = PBXGroup;
			children = (
				711BA1E629C530CF007F33AA /* ChessApp.swift */,
				711BA1E829C530CF007F33AA /* ContentView.swift */,
				711BA1EA29C530D0007F33AA /* Assets.xcassets */,
				711BA1EC29C530D0007F33AA /* Preview Content */,
			);
			path = Chess;
			sourceTree = "<group>";
		};
		711BA1EC29C530D0007F33AA /* Preview Content */ = {
			isa = PBXGroup;
			children = (
				711BA1ED29C530D0007F33AA /* Preview Assets.xcassets */,
			);
			path = "Preview Content";
			sourceTree = "<group>";
		};
		711BA1F629C530D0007F33AA /* ChessTests */ = {
			isa = PBXGroup;
			children = (
				711BA1F729C530D0007F33AA /* ChessTests.swift */,
			);
			path = ChessTests;
			sourceTree = "<group>";
		};
		711BA20029C530D0007F33AA /* ChessUITests */ = {
			isa = PBXGroup;
			children = (
				711BA20129C530D0007F33AA /* ChessUITests.swift */,
				711BA20329C530D0007F33AA /* ChessUITestsLaunchTests.swift */,
			);
			path = ChessUITests;
			sourceTree = "<group>";
		};
/* End PBXGroup section */

/* Begin PBXNativeTarget section */
		711BA1E229C530CF007F33AA /* Chess */ = {
			isa = PBXNativeTarget;
			buildConfigurationList = 711BA20729C530D0007F33AA /* Build configuration list for PBXNativeTarget "Chess" */;
			buildPhases = (
				711BA1DF29C530CF007F33AA /* Sources */,
				711BA1E029C530CF007F33AA /* Frameworks */,
				711BA1E129C530CF007F33AA /* Resources */,
			);
			buildRules = (
			);
			dependencies = (
			);
			name = Chess;
			productName = Chess;
			productReference = 711BA1E329C530CF007F33AA /* Chess.app */;
			productType = "com.apple.product-type.application";
		};
		711BA1F229C530D0007F33AA /* ChessTests */ = {
			isa = PBXNativeTarget;
			buildConfigurationList = 711BA20A29C530D0007F33AA /* Build configuration list for PBXNativeTarget "ChessTests" */;
			buildPhases = (
				711BA1EF29C530D0007F33AA /* Sources */,
				711BA1F029C530D0007F33AA /* Frameworks */,
				711BA1F129C530D0007F33AA /* Resources */,
			);
			buildRules = (
			);
			dependencies = (
				711BA1F529C530D0007F33AA /* PBXTargetDependency */,
			);
			name = ChessTests;
			productName = ChessTests;
			productReference = 711BA1F329C530D0007F33AA /* ChessTests.xctest */;
			productType = "com.apple.product-type.bundle.unit-test";
		};
		711BA1FC29C530D0007F33AA /* ChessUITests */ = {
			isa = PBXNativeTarget;
			buildConfigurationList = 711BA20D29C530D0007F33AA /* Build configuration list for PBXNativeTarget "ChessUITests" */;
			buildPhases = (
				711BA1F929C530D0007F33AA /* Sources */,
				711BA1FA29C530D0007F33AA /* Frameworks */,
				711BA1FB29C530D0007F33AA /* Resources */,
			);
			buildRules = (
			);
			dependencies = (
				711BA1FF29C530D0007F33AA /* PBXTargetDependency */,
			);
			name = ChessUITests;
			productName = ChessUITests;
			productReference = 711BA1FD29C530D0007F33AA /* ChessUITests.xctest */;
			productType = "com.apple.product-type.bundle.ui-testing";
		};
/* End PBXNativeTarget section */

/* Begin PBXProject section */
		711BA1DB29C530CF007F33AA /* Project object */ = {
			isa = PBXProject;
			attributes = {
				BuildIndependentTargetsInParallel = 1;
				LastSwiftUpdateCheck = 1420;
				LastUpgradeCheck = 1420;
				TargetAttributes = {
					711BA1E229C530CF007F33AA = {
						CreatedOnToolsVersion = 14.2;
					};
					711BA1F229C530D0007F33AA = {
						CreatedOnToolsVersion = 14.2;
						TestTargetID = 711BA1E229C530CF007F33AA;
					};
					711BA1FC29C530D0007F33AA = {
						CreatedOnToolsVersion = 14.2;
						TestTargetID = 711BA1E229C530CF007F33AA;
					};
				};
			};
			buildConfigurationList = 711BA1DE29C530CF007F33AA /* Build configuration list for PBXProject "Chess" */;
			compatibilityVersion = "Xcode 14.0";
			developmentRegion = en;
			hasScannedForEncodings = 0;
			knownRegions = (
				en,
				Base,
			);
			mainGroup = 711BA1DA29C530CF007F33AA;
			productRefGroup = 711BA1E429C530CF007F33AA /* Products */;
			projectDirPath = "";
			projectRoot = "";
			targets = (
				711BA1E229C530CF007F33AA /* Chess */,
				711BA1F229C530D0007F33AA /* ChessTests */,
				711BA1FC29C530D0007F33AA /* ChessUITests */,
			);
		};
/* End PBXProject section */

/* Begin PBXResourcesBuildPhase section */
		711BA1E129C530CF007F33AA /* Resources */ = {
			isa = PBXResourcesBuildPhase;
			buildActionMask = 2147483647;
			files = (
				711BA1EE29C530D0007F33AA /* Preview Assets.xcassets in Resources */,
				711BA1EB29C530D0007F33AA /* Assets.xcassets in Resources */,
			);
			runOnlyForDeploymentPostprocessing = 0;
		};
		711BA1F129C530D0007F33AA /* Resources */ = {
			isa = PBXResourcesBuildPhase;
			buildActionMask = 2147483647;
			files = (
			);
			runOnlyForDeploymentPostprocessing = 0;
		};
		711BA1FB29C530D0007F33AA /* Resources */ = {
			isa = PBXResourcesBuildPhase;
			buildActionMask = 2147483647;
			files = (
			);
			runOnlyForDeploymentPostprocessing = 0;
		};
/* End PBXResourcesBuildPhase section */

/* Begin PBXSourcesBuildPhase section */
		711BA1DF29C530CF007F33AA /* Sources */ = {
			isa = PBXSourcesBuildPhase;
			buildActionMask = 2147483647;
			files = (
				711BA1E929C530CF007F33AA /* ContentView.swift in Sources */,
				711BA1E729C530CF007F33AA /* ChessApp.swift in Sources */,
			);
			runOnlyForDeploymentPostprocessing = 0;
		};
		711BA1EF29C530D0007F33AA /* Sources */ = {
			isa = PBXSourcesBuildPhase;
			buildActionMask = 2147483647;
			files = (
				711BA1F829C530D0007F33AA /* ChessTests.swift in Sources */,
			);
			runOnlyForDeploymentPostprocessing = 0;
		};
		711BA1F929C530D0007F33AA /* Sources */ = {
			isa = PBXSourcesBuildPhase;
			buildActionMask = 2147483647;
			files = (
				711BA20229C530D0007F33AA /* ChessUITests.swift in Sources */,
				711BA20429C530D0007F33AA /* ChessUITestsLaunchTests.swift in Sources */,
			);
			runOnlyForDeploymentPostprocessing = 0;
		};
/* End PBXSourcesBuildPhase section */

/* Begin PBXTargetDependency section */
		711BA1F529C530D0007F33AA /* PBXTargetDependency */ = {
			isa = PBXTargetDependency;
			target = 711BA1E229C530CF007F33AA /* Chess */;
			targetProxy = 711BA1F429C530D0007F33AA /* PBXContainerItemProxy */;
		};
		711BA1FF29C530D0007F33AA /* PBXTargetDependency */ = {
			isa = PBXTargetDependency;
			target = 711BA1E229C530CF007F33AA /* Chess */;
			targetProxy = 711BA1FE29C530D0007F33AA /* PBXContainerItemProxy */;
		};
/* End PBXTargetDependency section */

/* Begin XCBuildConfiguration section */
		711BA20529C530D0007F33AA /* Debug */ = {
			isa = XCBuildConfiguration;
			buildSettings = {
				ALWAYS_SEARCH_USER_PATHS = NO;
				CLANG_ANALYZER_NONNULL = YES;
				CLANG_ANALYZER_NUMBER_OBJECT_CONVERSION = YES_AGGRESSIVE;
				CLANG_CXX_LANGUAGE_STANDARD = "gnu++20";
				CLANG_ENABLE_MODULES = YES;
				CLANG_ENABLE_OBJC_ARC = YES;
				CLANG_ENABLE_OBJC_WEAK = YES;
				CLANG_WARN_BLOCK_CAPTURE_AUTORELEASING = YES;
				CLANG_WARN_BOOL_CONVERSION = YES;
				CLANG_WARN_COMMA = YES;
				CLANG_WARN_CONSTANT_CONVERSION = YES;
				CLANG_WARN_DEPRECATED_OBJC_IMPLEMENTATIONS = YES;
				CLANG_WARN_DIRECT_OBJC_ISA_USAGE = YES_ERROR;
				CLANG_WARN_DOCUMENTATION_COMMENTS = YES;
				CLANG_WARN_EMPTY_BODY = YES;
				CLANG_WARN_ENUM_CONVERSION = YES;
				CLANG_WARN_INFINITE_RECURSION = YES;
				CLANG_WARN_INT_CONVERSION = YES;
				CLANG_WARN_NON_LITERAL_NULL_CONVERSION = YES;
				CLANG_WARN_OBJC_IMPLICIT_RETAIN_SELF = YES;
				CLANG_WARN_OBJC_LITERAL_CONVERSION = YES;
				CLANG_WARN_OBJC_ROOT_CLASS = YES_ERROR;
				CLANG_WARN_QUOTED_INCLUDE_IN_FRAMEWORK_HEADER = YES;
				CLANG_WARN_RANGE_LOOP_ANALYSIS = YES;
				CLANG_WARN_STRICT_PROTOTYPES = YES;
				CLANG_WARN_SUSPICIOUS_MOVE = YES;
				CLANG_WARN_UNGUARDED_AVAILABILITY = YES_AGGRESSIVE;
				CLANG_WARN_UNREACHABLE_CODE = YES;
				CLANG_WARN__DUPLICATE_METHOD_MATCH = YES;
				COPY_PHASE_STRIP = NO;
				DEBUG_INFORMATION_FORMAT = dwarf;
				ENABLE_STRICT_OBJC_MSGSEND = YES;
				ENABLE_TESTABILITY = YES;
				GCC_C_LANGUAGE_STANDARD = gnu11;
				GCC_DYNAMIC_NO_PIC = NO;
				GCC_NO_COMMON_BLOCKS = YES;
				GCC_OPTIMIZATION_LEVEL = 0;
				GCC_PREPROCESSOR_DEFINITIONS = (
					"DEBUG=1",
					"$(inherited)",
				);
				GCC_WARN_64_TO_32_BIT_CONVERSION = YES;
				GCC_WARN_ABOUT_RETURN_TYPE = YES_ERROR;
				GCC_WARN_UNDECLARED_SELECTOR = YES;
				GCC_WARN_UNINITIALIZED_AUTOS = YES_AGGRESSIVE;
				GCC_WARN_UNUSED_FUNCTION = YES;
				GCC_WARN_UNUSED_VARIABLE = YES;
				IPHONEOS_DEPLOYMENT_TARGET = 16.2;
				MTL_ENABLE_DEBUG_INFO = INCLUDE_SOURCE;
				MTL_FAST_MATH = YES;
				ONLY_ACTIVE_ARCH = YES;
				SDKROOT = iphoneos;
				SWIFT_ACTIVE_COMPILATION_CONDITIONS = DEBUG;
				SWIFT_OPTIMIZATION_LEVEL = "-Onone";
			};
			name = Debug;
		};
		711BA20629C530D0007F33AA /* Release */ = {
			isa = XCBuildConfiguration;
			buildSettings = {
				ALWAYS_SEARCH_USER_PATHS = NO;
				CLANG_ANALYZER_NONNULL = YES;
				CLANG_ANALYZER_NUMBER_OBJECT_CONVERSION = YES_AGGRESSIVE;
				CLANG_CXX_LANGUAGE_STANDARD = "gnu++20";
				CLANG_ENABLE_MODULES = YES;
				CLANG_ENABLE_OBJC_ARC = YES;
				CLANG_ENABLE_OBJC_WEAK = YES;
				CLANG_WARN_BLOCK_CAPTURE_AUTORELEASING = YES;
				CLANG_WARN_BOOL_CONVERSION = YES;
				CLANG_WARN_COMMA = YES;
				CLANG_WARN_CONSTANT_CONVERSION = YES;
				CLANG_WARN_DEPRECATED_OBJC_IMPLEMENTATIONS = YES;
				CLANG_WARN_DIRECT_OBJC_ISA_USAGE = YES_ERROR;
				CLANG_WARN_DOCUMENTATION_COMMENTS = YES;
				CLANG_WARN_EMPTY_BODY = YES;
				CLANG_WARN_ENUM_CONVERSION = YES;
				CLANG_WARN_INFINITE_RECURSION = YES;
				CLANG_WARN_INT_CONVERSION = YES;
				CLANG_WARN_NON_LITERAL_NULL_CONVERSION = YES;
				CLANG_WARN_OBJC_IMPLICIT_RETAIN_SELF = YES;
				CLANG_WARN_OBJC_LITERAL_CONVERSION = YES;
				CLANG_WARN_OBJC_ROOT_CLASS = YES_ERROR;
				CLANG_WARN_QUOTED_INCLUDE_IN_FRAMEWORK_HEADER = YES;
				CLANG_WARN_RANGE_LOOP_ANALYSIS = YES;
				CLANG_WARN_STRICT_PROTOTYPES = YES;
				CLANG_WARN_SUSPICIOUS_MOVE = YES;
				CLANG_WARN_UNGUARDED_AVAILABILITY = YES_AGGRESSIVE;
				CLANG_WARN_UNREACHABLE_CODE = YES;
				CLANG_WARN__DUPLICATE_METHOD_MATCH = YES;
				COPY_PHASE_STRIP = NO;
				DEBUG_INFORMATION_FORMAT = "dwarf-with-dsym";
				ENABLE_NS_ASSERTIONS = NO;
				ENABLE_STRICT_OBJC_MSGSEND = YES;
				GCC_C_LANGUAGE_STANDARD = gnu11;
				GCC_NO_COMMON_BLOCKS = YES;
				GCC_WARN_64_TO_32_BIT_CONVERSION = YES;
				GCC_WARN_ABOUT_RETURN_TYPE = YES_ERROR;
				GCC_WARN_UNDECLARED_SELECTOR = YES;
				GCC_WARN_UNINITIALIZED_AUTOS = YES_AGGRESSIVE;
				GCC_WARN_UNUSED_FUNCTION = YES;
				GCC_WARN_UNUSED_VARIABLE = YES;
				IPHONEOS_DEPLOYMENT_TARGET = 16.2;
				MTL_ENABLE_DEBUG_INFO = NO;
				MTL_FAST_MATH = YES;
				SDKROOT = iphoneos;
				SWIFT_COMPILATION_MODE = wholemodule;
				SWIFT_OPTIMIZATION_LEVEL = "-O";
				VALIDATE_PRODUCT = YES;
			};
			name = Release;
		};
		711BA20829C530D0007F33AA /* Debug */ = {
			isa = XCBuildConfiguration;
			buildSettings = {
				ASSETCATALOG_COMPILER_APPICON_NAME = AppIcon;
				ASSETCATALOG_COMPILER_GLOBAL_ACCENT_COLOR_NAME = AccentColor;
				CODE_SIGN_STYLE = Automatic;
				CURRENT_PROJECT_VERSION = 1;
				DEVELOPMENT_ASSET_PATHS = "\"Chess/Preview Content\"";
				ENABLE_PREVIEWS = YES;
				GENERATE_INFOPLIST_FILE = YES;
				INFOPLIST_KEY_UIApplicationSceneManifest_Generation = YES;
				INFOPLIST_KEY_UIApplicationSupportsIndirectInputEvents = YES;
				INFOPLIST_KEY_UILaunchScreen_Generation = YES;
				INFOPLIST_KEY_UISupportedInterfaceOrientations_iPad = "UIInterfaceOrientationPortrait UIInterfaceOrientationPortraitUpsideDown UIInterfaceOrientationLandscapeLeft UIInterfaceOrientationLandscapeRight";
				INFOPLIST_KEY_UISupportedInterfaceOrientations_iPhone = "UIInterfaceOrientationPortrait UIInterfaceOrientationLandscapeLeft UIInterfaceOrientationLandscapeRight";
				LD_RUNPATH_SEARCH_PATHS = (
					"$(inherited)",
					"@executable_path/Frameworks",
				);
				MARKETING_VERSION = 1.0;
				PRODUCT_BUNDLE_IDENTIFIER = "com.salu-projects.Chess";
				PRODUCT_NAME = "$(TARGET_NAME)";
				SWIFT_EMIT_LOC_STRINGS = YES;
				SWIFT_VERSION = 5.0;
				TARGETED_DEVICE_FAMILY = "1,2";
			};
			name = Debug;
		};
		711BA20929C530D0007F33AA /* Release */ = {
			isa = XCBuildConfiguration;
			buildSettings = {
				ASSETCATALOG_COMPILER_APPICON_NAME = AppIcon;
				ASSETCATALOG_COMPILER_GLOBAL_ACCENT_COLOR_NAME = AccentColor;
				CODE_SIGN_STYLE = Automatic;
				CURRENT_PROJECT_VERSION = 1;
				DEVELOPMENT_ASSET_PATHS = "\"Chess/Preview Content\"";
				ENABLE_PREVIEWS = YES;
				GENERATE_INFOPLIST_FILE = YES;
				INFOPLIST_KEY_UIApplicationSceneManifest_Generation = YES;
				INFOPLIST_KEY_UIApplicationSupportsIndirectInputEvents = YES;
				INFOPLIST_KEY_UILaunchScreen_Generation = YES;
				INFOPLIST_KEY_UISupportedInterfaceOrientations_iPad = "UIInterfaceOrientationPortrait UIInterfaceOrientationPortraitUpsideDown UIInterfaceOrientationLandscapeLeft UIInterfaceOrientationLandscapeRight";
				INFOPLIST_KEY_UISupportedInterfaceOrientations_iPhone = "UIInterfaceOrientationPortrait UIInterfaceOrientationLandscapeLeft UIInterfaceOrientationLandscapeRight";
				LD_RUNPATH_SEARCH_PATHS = (
					"$(inherited)",
					"@executable_path/Frameworks",
				);
				MARKETING_VERSION = 1.0;
				PRODUCT_BUNDLE_IDENTIFIER = "com.salu-projects.Chess";
				PRODUCT_NAME = "$(TARGET_NAME)";
				SWIFT_EMIT_LOC_STRINGS = YES;
				SWIFT_VERSION = 5.0;
				TARGETED_DEVICE_FAMILY = "1,2";
			};
			name = Release;
		};
		711BA20B29C530D0007F33AA /* Debug */ = {
			isa = XCBuildConfiguration;
			buildSettings = {
				ALWAYS_EMBED_SWIFT_STANDARD_LIBRARIES = YES;
				BUNDLE_LOADER = "$(TEST_HOST)";
				CODE_SIGN_STYLE = Automatic;
				CURRENT_PROJECT_VERSION = 1;
				GENERATE_INFOPLIST_FILE = YES;
				IPHONEOS_DEPLOYMENT_TARGET = 16.2;
				MARKETING_VERSION = 1.0;
				PRODUCT_BUNDLE_IDENTIFIER = "com.salu-projects.ChessTests";
				PRODUCT_NAME = "$(TARGET_NAME)";
				SWIFT_EMIT_LOC_STRINGS = NO;
				SWIFT_VERSION = 5.0;
				TARGETED_DEVICE_FAMILY = "1,2";
				TEST_HOST = "$(BUILT_PRODUCTS_DIR)/Chess.app/$(BUNDLE_EXECUTABLE_FOLDER_PATH)/Chess";
			};
			name = Debug;
		};
		711BA20C29C530D0007F33AA /* Release */ = {
			isa = XCBuildConfiguration;
			buildSettings = {
				ALWAYS_EMBED_SWIFT_STANDARD_LIBRARIES = YES;
				BUNDLE_LOADER = "$(TEST_HOST)";
				CODE_SIGN_STYLE = Automatic;
				CURRENT_PROJECT_VERSION = 1;
				GENERATE_INFOPLIST_FILE = YES;
				IPHONEOS_DEPLOYMENT_TARGET = 16.2;
				MARKETING_VERSION = 1.0;
				PRODUCT_BUNDLE_IDENTIFIER = "com.salu-projects.ChessTests";
				PRODUCT_NAME = "$(TARGET_NAME)";
				SWIFT_EMIT_LOC_STRINGS = NO;
				SWIFT_VERSION = 5.0;
				TARGETED_DEVICE_FAMILY = "1,2";
				TEST_HOST = "$(BUILT_PRODUCTS_DIR)/Chess.app/$(BUNDLE_EXECUTABLE_FOLDER_PATH)/Chess";
			};
			name = Release;
		};
		711BA20E29C530D0007F33AA /* Debug */ = {
			isa = XCBuildConfiguration;
			buildSettings = {
				ALWAYS_EMBED_SWIFT_STANDARD_LIBRARIES = YES;
				CODE_SIGN_STYLE = Automatic;
				CURRENT_PROJECT_VERSION = 1;
				GENERATE_INFOPLIST_FILE = YES;
				MARKETING_VERSION = 1.0;
				PRODUCT_BUNDLE_IDENTIFIER = "com.salu-projects.ChessUITests";
				PRODUCT_NAME = "$(TARGET_NAME)";
				SWIFT_EMIT_LOC_STRINGS = NO;
				SWIFT_VERSION = 5.0;
				TARGETED_DEVICE_FAMILY = "1,2";
				TEST_TARGET_NAME = Chess;
			};
			name = Debug;
		};
		711BA20F29C530D0007F33AA /* Release */ = {
			isa = XCBuildConfiguration;
			buildSettings = {
				ALWAYS_EMBED_SWIFT_STANDARD_LIBRARIES = YES;
				CODE_SIGN_STYLE = Automatic;
				CURRENT_PROJECT_VERSION = 1;
				GENERATE_INFOPLIST_FILE = YES;
				MARKETING_VERSION = 1.0;
				PRODUCT_BUNDLE_IDENTIFIER = "com.salu-projects.ChessUITests";
				PRODUCT_NAME = "$(TARGET_NAME)";
				SWIFT_EMIT_LOC_STRINGS = NO;
				SWIFT_VERSION = 5.0;
				TARGETED_DEVICE_FAMILY = "1,2";
				TEST_TARGET_NAME = Chess;
			};
			name = Release;
		};
/* End XCBuildConfiguration section */

/* Begin XCConfigurationList section */
		711BA1DE29C530CF007F33AA /* Build configuration list for PBXProject "Chess" */ = {
			isa = XCConfigurationList;
			buildConfigurations = (
				711BA20529C530D0007F33AA /* Debug */,
				711BA20629C530D0007F33AA /* Release */,
			);
			defaultConfigurationIsVisible = 0;
			defaultConfigurationName = Release;
		};
		711BA20729C530D0007F33AA /* Build configuration list for PBXNativeTarget "Chess" */ = {
			isa = XCConfigurationList;
			buildConfigurations = (
				711BA20829C530D0007F33AA /* Debug */,
				711BA20929C530D0007F33AA /* Release */,
			);
			defaultConfigurationIsVisible = 0;
			defaultConfigurationName = Release;
		};
		711BA20A29C530D0007F33AA /* Build configuration list for PBXNativeTarget "ChessTests" */ = {
			isa = XCConfigurationList;
			buildConfigurations = (
				711BA20B29C530D0007F33AA /* Debug */,
				711BA20C29C530D0007F33AA /* Release */,
			);
			defaultConfigurationIsVisible = 0;
			defaultConfigurationName = Release;
		};
		711BA20D29C530D0007F33AA /* Build configuration list for PBXNativeTarget "ChessUITests" */ = {
			isa = XCConfigurationList;
			buildConfigurations = (
				711BA20E29C530D0007F33AA /* Debug */,
				711BA20F29C530D0007F33AA /* Release */,
			);
			defaultConfigurationIsVisible = 0;
			defaultConfigurationName = Release;
		};
/* End XCConfigurationList section */
	};
	rootObject = 711BA1DB29C530CF007F33AA /* Project object */;
}
